
Microsoft Visual Studio Solution File, Format Version 12.00
# Visual Studio Version 17
VisualStudioVersion = 17.6.33717.318
MinimumVisualStudioVersion = 10.0.40219.1
Project("{FAE04EC0-301F-11D3-BF4B-00C04F79EFBC}") = "Multithreading", "Multithreading\Multithreading.csproj", "{607C877F-E56A-4882-B168-A3EDDD2ED643}"
EndProject
Project("{FAE04EC0-301F-11D3-BF4B-00C04F79EFBC}") = "Tests", "Tests\Tests.csproj", "{C93B8037-0BFC-4393-954E-1A7DCE93964D}"
EndProject
Global
	GlobalSection(SolutionConfigurationPlatforms) = preSolution
		Debug|Any CPU = Debug|Any CPU
		Release|Any CPU = Release|Any CPU
	EndGlobalSection
	GlobalSection(ProjectConfigurationPlatforms) = postSolution
		{607C877F-E56A-4882-B168-A3EDDD2ED643}.Debug|Any CPU.ActiveCfg = Debug|Any CPU
		{607C877F-E56A-4882-B168-A3EDDD2ED643}.Debug|Any CPU.Build.0 = Debug|Any CPU
		{607C877F-E56A-4882-B168-A3EDDD2ED643}.Release|Any CPU.ActiveCfg = Release|Any CPU
		{607C877F-E56A-4882-B168-A3EDDD2ED643}.Release|Any CPU.Build.0 = Release|Any CPU
		{C93B8037-0BFC-4393-954E-1A7DCE93964D}.Debug|Any CPU.ActiveCfg = Debug|Any CPU
		{C93B8037-0BFC-4393-954E-1A7DCE93964D}.Debug|Any CPU.Build.0 = Debug|Any CPU
		{C93B8037-0BFC-4393-954E-1A7DCE93964D}.Release|Any CPU.ActiveCfg = Release|Any CPU
		{C93B8037-0BFC-4393-954E-1A7DCE93964D}.Release|Any CPU.Build.0 = Release|Any CPU
	EndGlobalSection
	GlobalSection(SolutionProperties) = preSolution
		HideSolutionNode = FALSE
	EndGlobalSection
	GlobalSection(ExtensibilityGlobals) = postSolution
		SolutionGuid = {549688F3-D4B6-4CE2-B6DD-5160C034A4A6}
	EndGlobalSection
EndGlobal
